
Microsoft Visual Studio Solution File, Format Version 12.00
# Visual Studio 15
VisualStudioVersion = 15.0.28307.645
MinimumVisualStudioVersion = 10.0.40219.1
Project("{FAE04EC0-301F-11D3-BF4B-00C04F79EFBC}") = "UdeoPrograXFinal", "UdeoPrograXFinal\UdeoPrograXFinal.csproj", "{547417B8-8B3D-4B60-82AE-659FCB9B2539}"
EndProject
Project("{FAE04EC0-301F-11D3-BF4B-00C04F79EFBC}") = "UdeoPrograXFinal.Tests", "UdeoPrograXFinal.Tests\UdeoPrograXFinal.Tests.csproj", "{5C05C856-6091-41A5-A46E-F79E4A6C3707}"
EndProject
Global
	GlobalSection(SolutionConfigurationPlatforms) = preSolution
		Debug|Any CPU = Debug|Any CPU
		Release|Any CPU = Release|Any CPU
	EndGlobalSection
	GlobalSection(ProjectConfigurationPlatforms) = postSolution
		{547417B8-8B3D-4B60-82AE-659FCB9B2539}.Debug|Any CPU.ActiveCfg = Debug|Any CPU
		{547417B8-8B3D-4B60-82AE-659FCB9B2539}.Debug|Any CPU.Build.0 = Debug|Any CPU
		{547417B8-8B3D-4B60-82AE-659FCB9B2539}.Release|Any CPU.ActiveCfg = Release|Any CPU
		{547417B8-8B3D-4B60-82AE-659FCB9B2539}.Release|Any CPU.Build.0 = Release|Any CPU
		{5C05C856-6091-41A5-A46E-F79E4A6C3707}.Debug|Any CPU.ActiveCfg = Debug|Any CPU
		{5C05C856-6091-41A5-A46E-F79E4A6C3707}.Debug|Any CPU.Build.0 = Debug|Any CPU
		{5C05C856-6091-41A5-A46E-F79E4A6C3707}.Release|Any CPU.ActiveCfg = Release|Any CPU
		{5C05C856-6091-41A5-A46E-F79E4A6C3707}.Release|Any CPU.Build.0 = Release|Any CPU
	EndGlobalSection
	GlobalSection(SolutionProperties) = preSolution
		HideSolutionNode = FALSE
	EndGlobalSection
	GlobalSection(ExtensibilityGlobals) = postSolution
		SolutionGuid = {D56A8BFF-13D4-48D1-A5A1-E8ABD18E1EEB}
	EndGlobalSection
EndGlobal
